
Microsoft Visual Studio Solution File, Format Version 12.00
# Visual Studio Version 17
VisualStudioVersion = 17.5.33424.131
MinimumVisualStudioVersion = 10.0.40219.1
Project("{9A19103F-16F7-4668-BE54-9A1E7A4F7556}") = "FeedBuff_Kerkrade", "FeedBuff_Kerkrade.csproj", "{8A8BCA06-62F4-4165-B08C-85B71F1267D4}"
EndProject
Project("{2150E333-8FDC-42A3-9474-1A3956D46DE8}") = "Solution Items", "Solution Items", "{5CAFA190-0B89-4021-9DD5-FE74CF3FE319}"
	ProjectSection(SolutionItems) = preProject
		DAL.cs = DAL.cs
	EndProjectSection
EndProject
Global
	GlobalSection(SolutionConfigurationPlatforms) = preSolution
		Debug|Any CPU = Debug|Any CPU
		Release|Any CPU = Release|Any CPU
	EndGlobalSection
	GlobalSection(ProjectConfigurationPlatforms) = postSolution
		{8A8BCA06-62F4-4165-B08C-85B71F1267D4}.Debug|Any CPU.ActiveCfg = Debug|Any CPU
		{8A8BCA06-62F4-4165-B08C-85B71F1267D4}.Debug|Any CPU.Build.0 = Debug|Any CPU
		{8A8BCA06-62F4-4165-B08C-85B71F1267D4}.Release|Any CPU.ActiveCfg = Release|Any CPU
		{8A8BCA06-62F4-4165-B08C-85B71F1267D4}.Release|Any CPU.Build.0 = Release|Any CPU
	EndGlobalSection
	GlobalSection(SolutionProperties) = preSolution
		HideSolutionNode = FALSE
	EndGlobalSection
	GlobalSection(ExtensibilityGlobals) = postSolution
		SolutionGuid = {F0397A3E-632C-46DE-B7A6-EB88D3403947}
	EndGlobalSection
EndGlobal
